
Microsoft Visual Studio Solution File, Format Version 12.00
# Visual Studio Version 17
VisualStudioVersion = 17.6.33815.320
MinimumVisualStudioVersion = 10.0.40219.1
Project("{FAE04EC0-301F-11D3-BF4B-00C04F79EFBC}") = "ADO-EF-29.08.2023(1)", "ADO-EF-29.08.2023(1)\ADO-EF-29.08.2023(1).csproj", "{F1130E64-DC65-4D1D-9CA2-4BD7BA9691FF}"
EndProject
Global
	GlobalSection(SolutionConfigurationPlatforms) = preSolution
		Debug|Any CPU = Debug|Any CPU
		Release|Any CPU = Release|Any CPU
	EndGlobalSection
	GlobalSection(ProjectConfigurationPlatforms) = postSolution
		{F1130E64-DC65-4D1D-9CA2-4BD7BA9691FF}.Debug|Any CPU.ActiveCfg = Debug|Any CPU
		{F1130E64-DC65-4D1D-9CA2-4BD7BA9691FF}.Debug|Any CPU.Build.0 = Debug|Any CPU
		{F1130E64-DC65-4D1D-9CA2-4BD7BA9691FF}.Release|Any CPU.ActiveCfg = Release|Any CPU
		{F1130E64-DC65-4D1D-9CA2-4BD7BA9691FF}.Release|Any CPU.Build.0 = Release|Any CPU
	EndGlobalSection
	GlobalSection(SolutionProperties) = preSolution
		HideSolutionNode = FALSE
	EndGlobalSection
	GlobalSection(ExtensibilityGlobals) = postSolution
		SolutionGuid = {C368D725-B5EA-4388-AEB4-B0F4DFE8A478}
	EndGlobalSection
EndGlobal
